# This file is automatically @generated by Cargo.
# It is not intended for manual editing.
version = 3

[[package]]
name = "jmacros"
version = "0.1.0"

[[package]]
name = "jni_rs"
version = "0.1.0"
dependencies = [
 "jmacros",
]

[[package]]
name = "test"
version = "0.1.0"
dependencies = [
 "jni_rs",
]
